
Microsoft Visual Studio Solution File, Format Version 12.00
# Visual Studio Version 16
VisualStudioVersion = 16.0.29418.71
MinimumVisualStudioVersion = 10.0.40219.1
Project("{FAE04EC0-301F-11D3-BF4B-00C04F79EFBC}") = "DH_BugTracker", "DH_BugTracker\DH_BugTracker.csproj", "{8709FA80-3DCF-4289-B509-D507499BFFAB}"
EndProject
Global
	GlobalSection(SolutionConfigurationPlatforms) = preSolution
		Debug|Any CPU = Debug|Any CPU
		Release|Any CPU = Release|Any CPU
	EndGlobalSection
	GlobalSection(ProjectConfigurationPlatforms) = postSolution
		{8709FA80-3DCF-4289-B509-D507499BFFAB}.Debug|Any CPU.ActiveCfg = Debug|Any CPU
		{8709FA80-3DCF-4289-B509-D507499BFFAB}.Debug|Any CPU.Build.0 = Debug|Any CPU
		{8709FA80-3DCF-4289-B509-D507499BFFAB}.Release|Any CPU.ActiveCfg = Release|Any CPU
		{8709FA80-3DCF-4289-B509-D507499BFFAB}.Release|Any CPU.Build.0 = Release|Any CPU
	EndGlobalSection
	GlobalSection(SolutionProperties) = preSolution
		HideSolutionNode = FALSE
	EndGlobalSection
	GlobalSection(ExtensibilityGlobals) = postSolution
		SolutionGuid = {07E460B4-6E0D-46DE-A79F-0BF98E0E6A38}
	EndGlobalSection
EndGlobal
